
Microsoft Visual Studio Solution File, Format Version 12.00
# Visual Studio Version 16
VisualStudioVersion = 25.0.1704.3
MinimumVisualStudioVersion = 10.0.40219.1
Project("{FAE04EC0-301F-11D3-BF4B-00C04F79EFBC}") = "Driver", "Driver\Driver.csproj", "{04A751DD-6CF6-4E7B-ACCA-1C8BC7C3EAAC}"
EndProject
Global
	GlobalSection(SolutionConfigurationPlatforms) = preSolution
		Debug|Any CPU = Debug|Any CPU
		Release|Any CPU = Release|Any CPU
	EndGlobalSection
	GlobalSection(ProjectConfigurationPlatforms) = postSolution
		{04A751DD-6CF6-4E7B-ACCA-1C8BC7C3EAAC}.Debug|Any CPU.ActiveCfg = Debug|Any CPU
		{04A751DD-6CF6-4E7B-ACCA-1C8BC7C3EAAC}.Debug|Any CPU.Build.0 = Debug|Any CPU
		{04A751DD-6CF6-4E7B-ACCA-1C8BC7C3EAAC}.Release|Any CPU.ActiveCfg = Release|Any CPU
		{04A751DD-6CF6-4E7B-ACCA-1C8BC7C3EAAC}.Release|Any CPU.Build.0 = Release|Any CPU
	EndGlobalSection
	GlobalSection(SolutionProperties) = preSolution
		HideSolutionNode = FALSE
	EndGlobalSection
	GlobalSection(ExtensibilityGlobals) = postSolution
		SolutionGuid = {6F525F02-03BD-4B35-A25E-45364FE07A33}
	EndGlobalSection
EndGlobal
